
Microsoft Visual Studio Solution File, Format Version 12.00
# Visual Studio Version 17
VisualStudioVersion = 17.10.35013.160
MinimumVisualStudioVersion = 10.0.40219.1
Project("{2150E333-8FDC-42A3-9474-1A3956D46DE8}") = "Domain", "Domain", "{07EB493D-AE59-4587-87AB-90A788AB0B46}"
EndProject
Project("{FAE04EC0-301F-11D3-BF4B-00C04F79EFBC}") = "MovieRatingsService.Domain", "Domain\MovieRatingsService.Domain\MovieRatingsService.Domain.csproj", "{26B0A50D-F123-4354-9E30-33DB1B85A83B}"
EndProject
Project("{FAE04EC0-301F-11D3-BF4B-00C04F79EFBC}") = "Domain.ValueObject", "Domain\Domain.ValueObject\Domain.ValueObject.csproj", "{E41EA84E-1548-405D-B3AB-C40B9C72B6D6}"
EndProject
Global
	GlobalSection(SolutionConfigurationPlatforms) = preSolution
		Debug|Any CPU = Debug|Any CPU
		Release|Any CPU = Release|Any CPU
	EndGlobalSection
	GlobalSection(ProjectConfigurationPlatforms) = postSolution
		{26B0A50D-F123-4354-9E30-33DB1B85A83B}.Debug|Any CPU.ActiveCfg = Debug|Any CPU
		{26B0A50D-F123-4354-9E30-33DB1B85A83B}.Debug|Any CPU.Build.0 = Debug|Any CPU
		{26B0A50D-F123-4354-9E30-33DB1B85A83B}.Release|Any CPU.ActiveCfg = Release|Any CPU
		{26B0A50D-F123-4354-9E30-33DB1B85A83B}.Release|Any CPU.Build.0 = Release|Any CPU
		{E41EA84E-1548-405D-B3AB-C40B9C72B6D6}.Debug|Any CPU.ActiveCfg = Debug|Any CPU
		{E41EA84E-1548-405D-B3AB-C40B9C72B6D6}.Debug|Any CPU.Build.0 = Debug|Any CPU
		{E41EA84E-1548-405D-B3AB-C40B9C72B6D6}.Release|Any CPU.ActiveCfg = Release|Any CPU
		{E41EA84E-1548-405D-B3AB-C40B9C72B6D6}.Release|Any CPU.Build.0 = Release|Any CPU
	EndGlobalSection
	GlobalSection(SolutionProperties) = preSolution
		HideSolutionNode = FALSE
	EndGlobalSection
	GlobalSection(NestedProjects) = preSolution
		{26B0A50D-F123-4354-9E30-33DB1B85A83B} = {07EB493D-AE59-4587-87AB-90A788AB0B46}
		{E41EA84E-1548-405D-B3AB-C40B9C72B6D6} = {07EB493D-AE59-4587-87AB-90A788AB0B46}
	EndGlobalSection
	GlobalSection(ExtensibilityGlobals) = postSolution
		SolutionGuid = {01038DA1-8B6C-41E2-89BF-2CB016DD2659}
	EndGlobalSection
EndGlobal
